
Microsoft Visual Studio Solution File, Format Version 12.00
# Visual Studio Version 17
VisualStudioVersion = 17.6.33829.357
MinimumVisualStudioVersion = 10.0.40219.1
Project("{FAE04EC0-301F-11D3-BF4B-00C04F79EFBC}") = "c#lab4", "c#lab4\c#lab4.csproj", "{DCAA9C1D-41FD-4DCF-82F9-115D8A01354D}"
EndProject
Global
	GlobalSection(SolutionConfigurationPlatforms) = preSolution
		Debug|Any CPU = Debug|Any CPU
		Release|Any CPU = Release|Any CPU
	EndGlobalSection
	GlobalSection(ProjectConfigurationPlatforms) = postSolution
		{DCAA9C1D-41FD-4DCF-82F9-115D8A01354D}.Debug|Any CPU.ActiveCfg = Debug|Any CPU
		{DCAA9C1D-41FD-4DCF-82F9-115D8A01354D}.Debug|Any CPU.Build.0 = Debug|Any CPU
		{DCAA9C1D-41FD-4DCF-82F9-115D8A01354D}.Release|Any CPU.ActiveCfg = Release|Any CPU
		{DCAA9C1D-41FD-4DCF-82F9-115D8A01354D}.Release|Any CPU.Build.0 = Release|Any CPU
	EndGlobalSection
	GlobalSection(SolutionProperties) = preSolution
		HideSolutionNode = FALSE
	EndGlobalSection
	GlobalSection(ExtensibilityGlobals) = postSolution
		SolutionGuid = {B7087E65-F41C-46FB-B241-594A089B34CC}
	EndGlobalSection
EndGlobal
